
Microsoft Visual Studio Solution File, Format Version 12.00
# Visual Studio 15
VisualStudioVersion = 15.0.28307.1169
MinimumVisualStudioVersion = 10.0.40219.1
Project("{FAE04EC0-301F-11D3-BF4B-00C04F79EFBC}") = "PromotionEngine", "PromotionEngine\PromotionEngine.csproj", "{67ABF476-2D57-46ED-8069-6F6846A389F5}"
EndProject
Project("{FAE04EC0-301F-11D3-BF4B-00C04F79EFBC}") = "PromotionEngineUnitTestProject", "PromotionEngineUnitTestProject\PromotionEngineUnitTestProject.csproj", "{F10FC9AA-583D-4769-AF99-D7DA78077454}"
EndProject
Global
	GlobalSection(SolutionConfigurationPlatforms) = preSolution
		Debug|Any CPU = Debug|Any CPU
		Release|Any CPU = Release|Any CPU
	EndGlobalSection
	GlobalSection(ProjectConfigurationPlatforms) = postSolution
		{67ABF476-2D57-46ED-8069-6F6846A389F5}.Debug|Any CPU.ActiveCfg = Debug|Any CPU
		{67ABF476-2D57-46ED-8069-6F6846A389F5}.Debug|Any CPU.Build.0 = Debug|Any CPU
		{67ABF476-2D57-46ED-8069-6F6846A389F5}.Release|Any CPU.ActiveCfg = Release|Any CPU
		{67ABF476-2D57-46ED-8069-6F6846A389F5}.Release|Any CPU.Build.0 = Release|Any CPU
		{F10FC9AA-583D-4769-AF99-D7DA78077454}.Debug|Any CPU.ActiveCfg = Debug|Any CPU
		{F10FC9AA-583D-4769-AF99-D7DA78077454}.Debug|Any CPU.Build.0 = Debug|Any CPU
		{F10FC9AA-583D-4769-AF99-D7DA78077454}.Release|Any CPU.ActiveCfg = Release|Any CPU
		{F10FC9AA-583D-4769-AF99-D7DA78077454}.Release|Any CPU.Build.0 = Release|Any CPU
	EndGlobalSection
	GlobalSection(SolutionProperties) = preSolution
		HideSolutionNode = FALSE
	EndGlobalSection
	GlobalSection(ExtensibilityGlobals) = postSolution
		SolutionGuid = {6F199BA9-B980-40B9-9B18-5A0404BE94EE}
	EndGlobalSection
EndGlobal
